
Microsoft Visual Studio Solution File, Format Version 12.00
# Visual Studio Version 17
VisualStudioVersion = 17.14.36301.6
MinimumVisualStudioVersion = 10.0.40219.1
Project("{FAE04EC0-301F-11D3-BF4B-00C04F79EFBC}") = "Operators", "Operators\Operators.csproj", "{A8215845-464A-4B98-8E2E-268E581EE503}"
EndProject
Project("{FAE04EC0-301F-11D3-BF4B-00C04F79EFBC}") = "BooleanOperators", "BooleanOperators\BooleanOperators.csproj", "{8ACF2525-E00C-4C04-951B-E2E0518184CE}"
EndProject
Project("{FAE04EC0-301F-11D3-BF4B-00C04F79EFBC}") = "BitwiseAndShiftOpe­rators", "BitwiseAndShiftOpe­rators\BitwiseAndShiftOpe­rators.csproj", "{E7E8DA0D-78DA-4601-8867-606770729B40}"
EndProject
Project("{FAE04EC0-301F-11D3-BF4B-00C04F79EFBC}") = "SelectionStatements", "SelectionStatements\SelectionStatements.csproj", "{89D3D82F-7986-42A9-9AFA-BCE1D112C7D2}"
EndProject
Project("{FAE04EC0-301F-11D3-BF4B-00C04F79EFBC}") = "IterationStatements", "IterationStatements\IterationStatements.csproj", "{83FAFB8D-3DA6-40EF-AB85-8A9C681FE458}"
EndProject
Project("{FAE04EC0-301F-11D3-BF4B-00C04F79EFBC}") = "CastingConverting", "CastingConverting\CastingConverting.csproj", "{C5058938-A31F-44C0-B7FD-05024509D39A}"
EndProject
Project("{FAE04EC0-301F-11D3-BF4B-00C04F79EFBC}") = "HandlingExceptions", "HandlingExceptions\HandlingExceptions.csproj", "{B8B0662F-51FD-4394-8F06-D1A270189872}"
EndProject
Project("{FAE04EC0-301F-11D3-BF4B-00C04F79EFBC}") = "CheckingForOverflow", "CheckingForOverflow\CheckingForOverflow.csproj", "{214BF715-552C-4D31-A112-BA586ABD7E31}"
EndProject
Global
	GlobalSection(SolutionConfigurationPlatforms) = preSolution
		Debug|Any CPU = Debug|Any CPU
		Release|Any CPU = Release|Any CPU
	EndGlobalSection
	GlobalSection(ProjectConfigurationPlatforms) = postSolution
		{A8215845-464A-4B98-8E2E-268E581EE503}.Debug|Any CPU.ActiveCfg = Debug|Any CPU
		{A8215845-464A-4B98-8E2E-268E581EE503}.Debug|Any CPU.Build.0 = Debug|Any CPU
		{A8215845-464A-4B98-8E2E-268E581EE503}.Release|Any CPU.ActiveCfg = Release|Any CPU
		{A8215845-464A-4B98-8E2E-268E581EE503}.Release|Any CPU.Build.0 = Release|Any CPU
		{8ACF2525-E00C-4C04-951B-E2E0518184CE}.Debug|Any CPU.ActiveCfg = Debug|Any CPU
		{8ACF2525-E00C-4C04-951B-E2E0518184CE}.Debug|Any CPU.Build.0 = Debug|Any CPU
		{8ACF2525-E00C-4C04-951B-E2E0518184CE}.Release|Any CPU.ActiveCfg = Release|Any CPU
		{8ACF2525-E00C-4C04-951B-E2E0518184CE}.Release|Any CPU.Build.0 = Release|Any CPU
		{E7E8DA0D-78DA-4601-8867-606770729B40}.Debug|Any CPU.ActiveCfg = Debug|Any CPU
		{E7E8DA0D-78DA-4601-8867-606770729B40}.Debug|Any CPU.Build.0 = Debug|Any CPU
		{E7E8DA0D-78DA-4601-8867-606770729B40}.Release|Any CPU.ActiveCfg = Release|Any CPU
		{E7E8DA0D-78DA-4601-8867-606770729B40}.Release|Any CPU.Build.0 = Release|Any CPU
		{89D3D82F-7986-42A9-9AFA-BCE1D112C7D2}.Debug|Any CPU.ActiveCfg = Debug|Any CPU
		{89D3D82F-7986-42A9-9AFA-BCE1D112C7D2}.Debug|Any CPU.Build.0 = Debug|Any CPU
		{89D3D82F-7986-42A9-9AFA-BCE1D112C7D2}.Release|Any CPU.ActiveCfg = Release|Any CPU
		{89D3D82F-7986-42A9-9AFA-BCE1D112C7D2}.Release|Any CPU.Build.0 = Release|Any CPU
		{83FAFB8D-3DA6-40EF-AB85-8A9C681FE458}.Debug|Any CPU.ActiveCfg = Debug|Any CPU
		{83FAFB8D-3DA6-40EF-AB85-8A9C681FE458}.Debug|Any CPU.Build.0 = Debug|Any CPU
		{83FAFB8D-3DA6-40EF-AB85-8A9C681FE458}.Release|Any CPU.ActiveCfg = Release|Any CPU
		{83FAFB8D-3DA6-40EF-AB85-8A9C681FE458}.Release|Any CPU.Build.0 = Release|Any CPU
		{C5058938-A31F-44C0-B7FD-05024509D39A}.Debug|Any CPU.ActiveCfg = Debug|Any CPU
		{C5058938-A31F-44C0-B7FD-05024509D39A}.Debug|Any CPU.Build.0 = Debug|Any CPU
		{C5058938-A31F-44C0-B7FD-05024509D39A}.Release|Any CPU.ActiveCfg = Release|Any CPU
		{C5058938-A31F-44C0-B7FD-05024509D39A}.Release|Any CPU.Build.0 = Release|Any CPU
		{B8B0662F-51FD-4394-8F06-D1A270189872}.Debug|Any CPU.ActiveCfg = Debug|Any CPU
		{B8B0662F-51FD-4394-8F06-D1A270189872}.Debug|Any CPU.Build.0 = Debug|Any CPU
		{B8B0662F-51FD-4394-8F06-D1A270189872}.Release|Any CPU.ActiveCfg = Release|Any CPU
		{B8B0662F-51FD-4394-8F06-D1A270189872}.Release|Any CPU.Build.0 = Release|Any CPU
		{214BF715-552C-4D31-A112-BA586ABD7E31}.Debug|Any CPU.ActiveCfg = Debug|Any CPU
		{214BF715-552C-4D31-A112-BA586ABD7E31}.Debug|Any CPU.Build.0 = Debug|Any CPU
		{214BF715-552C-4D31-A112-BA586ABD7E31}.Release|Any CPU.ActiveCfg = Release|Any CPU
		{214BF715-552C-4D31-A112-BA586ABD7E31}.Release|Any CPU.Build.0 = Release|Any CPU
	EndGlobalSection
	GlobalSection(SolutionProperties) = preSolution
		HideSolutionNode = FALSE
	EndGlobalSection
	GlobalSection(ExtensibilityGlobals) = postSolution
		SolutionGuid = {DCC6ABDF-9259-4BFD-AEB7-6538B45F4313}
	EndGlobalSection
EndGlobal
